{
  "requires": true,
  "lockfileVersion": 1,
  "dependencies": {
    "vee-validate": {
      "version": "2.1.4",
      "resolved": "https://registry.npmjs.org/vee-validate/-/vee-validate-2.1.4.tgz",
      "integrity": "sha512-71yu8floUnMEdkwswaF9WJc5Xubc5dhIG6MRc/H0egQnP34Y14WwNweK9z31Nf2Zi6JB2H/36EKt0Mqco8R/Nw=="
    }
  }
}
